# THIS IS AN AUTOGENERATED FILE. DO NOT EDIT THIS FILE DIRECTLY.
# yarn lockfile v1


"@webcomponents/custom-elements@webcomponents/custom-elements", custom-elements@webcomponents/custom-elements:
  version "1.0.0-rc.4"
  resolved "https://codeload.github.com/webcomponents/custom-elements/tar.gz/1a67576345374222776c50141411fc4e63ecf717"

babel-plugin-external-helpers@^6.22.0:
  version "6.22.0"
  resolved "https://registry.yarnpkg.com/babel-plugin-external-helpers/-/babel-plugin-external-helpers-6.22.0.tgz#2285f48b02bd5dede85175caf8c62e86adccefa1"
  dependencies:
    babel-runtime "^6.22.0"

babel-runtime@^6.22.0:
  version "6.23.0"
  resolved "https://registry.yarnpkg.com/babel-runtime/-/babel-runtime-6.23.0.tgz#0a9489f144de70efb3ce4300accdb329e2fc543b"
  dependencies:
    core-js "^2.4.0"
    regenerator-runtime "^0.10.0"

backed@^0.3.3:
  version "0.3.4"
  resolved "https://registry.yarnpkg.com/backed/-/backed-0.3.4.tgz#a42d340539f7db6fff5a36a2df5273e56e069844"

core-js@^2.4.0:
  version "2.4.1"
  resolved "https://registry.yarnpkg.com/core-js/-/core-js-2.4.1.tgz#4de911e667b0eae9124e34254b53aea6fc618d3e"

marked@^0.3.6:
  version "0.3.6"
  resolved "https://registry.yarnpkg.com/marked/-/marked-0.3.6.tgz#b2c6c618fccece4ef86c4fc6cb8a7cbf5aeda8d7"

regenerator-runtime@^0.10.0:
  version "0.10.5"
  resolved "https://registry.yarnpkg.com/regenerator-runtime/-/regenerator-runtime-0.10.5.tgz#336c3efc1220adcedda2c9fab67b5a7955a33658"

svg-icon@vandeurenglenn/svg-icon:
  version "0.3.0"
  resolved "https://codeload.github.com/vandeurenglenn/svg-icon/tar.gz/7d6412edfd7015b6832072d92cc46c74794bed79"
  dependencies:
    backed "^0.3.3"
    custom-elements webcomponents/custom-elements
